
Microsoft Visual Studio Solution File, Format Version 11.00
# Visual Studio 2010
Project("{FAE04EC0-301F-11D3-BF4B-00C04F79EFBC}") = "UserControlCodeBehindTeste", "UserControlCodeBehindTeste\UserControlCodeBehindTeste.csproj", "{0517E0BD-F9AC-475F-A449-D1B402C87180}"
EndProject
Project("{FAE04EC0-301F-11D3-BF4B-00C04F79EFBC}") = "CodeBehinds", "CodeBehinds\CodeBehinds.csproj", "{56AB356E-997E-4453-82CA-BA78E69A58D2}"
EndProject
Global
	GlobalSection(SolutionConfigurationPlatforms) = preSolution
		Debug|Any CPU = Debug|Any CPU
		Release|Any CPU = Release|Any CPU
	EndGlobalSection
	GlobalSection(ProjectConfigurationPlatforms) = postSolution
		{0517E0BD-F9AC-475F-A449-D1B402C87180}.Debug|Any CPU.ActiveCfg = Debug|Any CPU
		{0517E0BD-F9AC-475F-A449-D1B402C87180}.Debug|Any CPU.Build.0 = Debug|Any CPU
		{0517E0BD-F9AC-475F-A449-D1B402C87180}.Release|Any CPU.ActiveCfg = Release|Any CPU
		{0517E0BD-F9AC-475F-A449-D1B402C87180}.Release|Any CPU.Build.0 = Release|Any CPU
		{56AB356E-997E-4453-82CA-BA78E69A58D2}.Debug|Any CPU.ActiveCfg = Debug|Any CPU
		{56AB356E-997E-4453-82CA-BA78E69A58D2}.Debug|Any CPU.Build.0 = Debug|Any CPU
		{56AB356E-997E-4453-82CA-BA78E69A58D2}.Release|Any CPU.ActiveCfg = Release|Any CPU
		{56AB356E-997E-4453-82CA-BA78E69A58D2}.Release|Any CPU.Build.0 = Release|Any CPU
	EndGlobalSection
	GlobalSection(SolutionProperties) = preSolution
		HideSolutionNode = FALSE
	EndGlobalSection
EndGlobal
